
Microsoft Visual Studio Solution File, Format Version 12.00
# Visual Studio Version 17
VisualStudioVersion = 17.5.002.0
MinimumVisualStudioVersion = 10.0.40219.1
Project("{2150E333-8FDC-42A3-9474-1A3956D46DE8}") = "csharp-prep", "csharp-prep", "{68A89969-1505-4778-BA00-537FADC229DC}"
EndProject
Project("{9A19103F-16F7-4668-BE54-9A1E7A4F7556}") = "Prep1", "csharp-prep\Prep1\Prep1.csproj", "{11A427EC-5CF1-4A1C-B939-82BDF7CF3EFA}"
EndProject
Project("{9A19103F-16F7-4668-BE54-9A1E7A4F7556}") = "Prep2", "csharp-prep\Prep2\Prep2.csproj", "{C749D6F4-601C-4FF1-921A-80C5A2E65DE7}"
EndProject
Project("{9A19103F-16F7-4668-BE54-9A1E7A4F7556}") = "Prep3", "csharp-prep\Prep3\Prep3.csproj", "{55AB5B7D-A8DF-4CC5-B4A5-5E630948A8F2}"
EndProject
Project("{9A19103F-16F7-4668-BE54-9A1E7A4F7556}") = "Prep4", "csharp-prep\Prep4\Prep4.csproj", "{47DE365E-A06B-467B-BF19-B632EE9645E6}"
EndProject
Project("{9A19103F-16F7-4668-BE54-9A1E7A4F7556}") = "Prep5", "csharp-prep\Prep5\Prep5.csproj", "{586461E0-F231-452D-BD6A-4C119CFFB336}"
EndProject
Project("{2150E333-8FDC-42A3-9474-1A3956D46DE8}") = "final", "final", "{70E0E7B5-0A48-41C9-A198-09D861E84392}"
EndProject
Project("{9A19103F-16F7-4668-BE54-9A1E7A4F7556}") = "FinalProject", "final\FinalProject\FinalProject.csproj", "{A6C4793A-EF35-4013-8C4F-519BFDA3A50C}"
EndProject
Project("{9A19103F-16F7-4668-BE54-9A1E7A4F7556}") = "Foundation1", "final\Foundation1\Foundation1.csproj", "{0138C409-E782-427D-8A2B-7E8ED9E6FF73}"
EndProject
Project("{9A19103F-16F7-4668-BE54-9A1E7A4F7556}") = "Foundation2", "final\Foundation2\Foundation2.csproj", "{CFF1BF99-55BC-4CAE-9803-E6D6C9DBC7D5}"
EndProject
Project("{9A19103F-16F7-4668-BE54-9A1E7A4F7556}") = "Foundation3", "final\Foundation3\Foundation3.csproj", "{C5F497F4-299E-4FB6-B8DA-233767E1FA88}"
EndProject
Project("{9A19103F-16F7-4668-BE54-9A1E7A4F7556}") = "Foundation4", "final\Foundation4\Foundation4.csproj", "{FB46AB3B-F595-41B8-A3B9-D81E1A1D8CDF}"
EndProject
Project("{2150E333-8FDC-42A3-9474-1A3956D46DE8}") = "prepare", "prepare", "{1F2C7D07-C55E-4AB6-82AF-1477497E61A5}"
EndProject
Project("{9A19103F-16F7-4668-BE54-9A1E7A4F7556}") = "Learning02", "prepare\Learning02\Learning02.csproj", "{091A9A2C-1CD0-4238-B09A-01916E75D35C}"
EndProject
Project("{9A19103F-16F7-4668-BE54-9A1E7A4F7556}") = "Learning03", "prepare\Learning03\Learning03.csproj", "{8D0E6CA0-3A0D-427A-AA44-FBABC79033A9}"
EndProject
Project("{9A19103F-16F7-4668-BE54-9A1E7A4F7556}") = "Learning04", "prepare\Learning04\Learning04.csproj", "{B0E6AFF9-4CA4-401F-BE59-E40750D8948F}"
EndProject
Project("{9A19103F-16F7-4668-BE54-9A1E7A4F7556}") = "Learning05", "prepare\Learning05\Learning05.csproj", "{C4E1B278-D297-4F28-9B5C-8C101D2A97BA}"
EndProject
Project("{2150E333-8FDC-42A3-9474-1A3956D46DE8}") = "prove", "prove", "{37296036-6137-4A13-9E04-792747D5575B}"
EndProject
Project("{9A19103F-16F7-4668-BE54-9A1E7A4F7556}") = "Develop02", "prove\Develop02\Develop02.csproj", "{AD715073-C351-4C09-89D5-E9C59A786FCC}"
EndProject
Project("{9A19103F-16F7-4668-BE54-9A1E7A4F7556}") = "Develop03", "prove\Develop03\Develop03.csproj", "{80BDA895-97AF-40C2-83C6-89386F4D07AB}"
EndProject
Project("{9A19103F-16F7-4668-BE54-9A1E7A4F7556}") = "Develop04", "prove\Develop04\Develop04.csproj", "{44A5867C-C098-433E-A2D6-E7914CF6DD1F}"
EndProject
Project("{9A19103F-16F7-4668-BE54-9A1E7A4F7556}") = "Develop05", "prove\Develop05\Develop05.csproj", "{E1836ED6-7D8E-4C69-A1E9-9E61215D6056}"
EndProject
Project("{2150E333-8FDC-42A3-9474-1A3956D46DE8}") = "sandbox", "sandbox", "{3C7C67F0-A7F5-478B-A7F3-FDE7E708F308}"
EndProject
Project("{9A19103F-16F7-4668-BE54-9A1E7A4F7556}") = "Sandbox", "sandbox\Sandbox\Sandbox.csproj", "{B3752E3B-8CDD-4B34-B5D0-2AEADC9FD59E}"
EndProject
Global
	GlobalSection(SolutionConfigurationPlatforms) = preSolution
		Debug|Any CPU = Debug|Any CPU
		Release|Any CPU = Release|Any CPU
	EndGlobalSection
	GlobalSection(ProjectConfigurationPlatforms) = postSolution
		{11A427EC-5CF1-4A1C-B939-82BDF7CF3EFA}.Debug|Any CPU.ActiveCfg = Debug|Any CPU
		{11A427EC-5CF1-4A1C-B939-82BDF7CF3EFA}.Debug|Any CPU.Build.0 = Debug|Any CPU
		{11A427EC-5CF1-4A1C-B939-82BDF7CF3EFA}.Release|Any CPU.ActiveCfg = Release|Any CPU
		{11A427EC-5CF1-4A1C-B939-82BDF7CF3EFA}.Release|Any CPU.Build.0 = Release|Any CPU
		{C749D6F4-601C-4FF1-921A-80C5A2E65DE7}.Debug|Any CPU.ActiveCfg = Debug|Any CPU
		{C749D6F4-601C-4FF1-921A-80C5A2E65DE7}.Debug|Any CPU.Build.0 = Debug|Any CPU
		{C749D6F4-601C-4FF1-921A-80C5A2E65DE7}.Release|Any CPU.ActiveCfg = Release|Any CPU
		{C749D6F4-601C-4FF1-921A-80C5A2E65DE7}.Release|Any CPU.Build.0 = Release|Any CPU
		{55AB5B7D-A8DF-4CC5-B4A5-5E630948A8F2}.Debug|Any CPU.ActiveCfg = Debug|Any CPU
		{55AB5B7D-A8DF-4CC5-B4A5-5E630948A8F2}.Debug|Any CPU.Build.0 = Debug|Any CPU
		{55AB5B7D-A8DF-4CC5-B4A5-5E630948A8F2}.Release|Any CPU.ActiveCfg = Release|Any CPU
		{55AB5B7D-A8DF-4CC5-B4A5-5E630948A8F2}.Release|Any CPU.Build.0 = Release|Any CPU
		{47DE365E-A06B-467B-BF19-B632EE9645E6}.Debug|Any CPU.ActiveCfg = Debug|Any CPU
		{47DE365E-A06B-467B-BF19-B632EE9645E6}.Debug|Any CPU.Build.0 = Debug|Any CPU
		{47DE365E-A06B-467B-BF19-B632EE9645E6}.Release|Any CPU.ActiveCfg = Release|Any CPU
		{47DE365E-A06B-467B-BF19-B632EE9645E6}.Release|Any CPU.Build.0 = Release|Any CPU
		{586461E0-F231-452D-BD6A-4C119CFFB336}.Debug|Any CPU.ActiveCfg = Debug|Any CPU
		{586461E0-F231-452D-BD6A-4C119CFFB336}.Debug|Any CPU.Build.0 = Debug|Any CPU
		{586461E0-F231-452D-BD6A-4C119CFFB336}.Release|Any CPU.ActiveCfg = Release|Any CPU
		{586461E0-F231-452D-BD6A-4C119CFFB336}.Release|Any CPU.Build.0 = Release|Any CPU
		{A6C4793A-EF35-4013-8C4F-519BFDA3A50C}.Debug|Any CPU.ActiveCfg = Debug|Any CPU
		{A6C4793A-EF35-4013-8C4F-519BFDA3A50C}.Debug|Any CPU.Build.0 = Debug|Any CPU
		{A6C4793A-EF35-4013-8C4F-519BFDA3A50C}.Release|Any CPU.ActiveCfg = Release|Any CPU
		{A6C4793A-EF35-4013-8C4F-519BFDA3A50C}.Release|Any CPU.Build.0 = Release|Any CPU
		{0138C409-E782-427D-8A2B-7E8ED9E6FF73}.Debug|Any CPU.ActiveCfg = Debug|Any CPU
		{0138C409-E782-427D-8A2B-7E8ED9E6FF73}.Debug|Any CPU.Build.0 = Debug|Any CPU
		{0138C409-E782-427D-8A2B-7E8ED9E6FF73}.Release|Any CPU.ActiveCfg = Release|Any CPU
		{0138C409-E782-427D-8A2B-7E8ED9E6FF73}.Release|Any CPU.Build.0 = Release|Any CPU
		{CFF1BF99-55BC-4CAE-9803-E6D6C9DBC7D5}.Debug|Any CPU.ActiveCfg = Debug|Any CPU
		{CFF1BF99-55BC-4CAE-9803-E6D6C9DBC7D5}.Debug|Any CPU.Build.0 = Debug|Any CPU
		{CFF1BF99-55BC-4CAE-9803-E6D6C9DBC7D5}.Release|Any CPU.ActiveCfg = Release|Any CPU
		{CFF1BF99-55BC-4CAE-9803-E6D6C9DBC7D5}.Release|Any CPU.Build.0 = Release|Any CPU
		{C5F497F4-299E-4FB6-B8DA-233767E1FA88}.Debug|Any CPU.ActiveCfg = Debug|Any CPU
		{C5F497F4-299E-4FB6-B8DA-233767E1FA88}.Debug|Any CPU.Build.0 = Debug|Any CPU
		{C5F497F4-299E-4FB6-B8DA-233767E1FA88}.Release|Any CPU.ActiveCfg = Release|Any CPU
		{C5F497F4-299E-4FB6-B8DA-233767E1FA88}.Release|Any CPU.Build.0 = Release|Any CPU
		{FB46AB3B-F595-41B8-A3B9-D81E1A1D8CDF}.Debug|Any CPU.ActiveCfg = Debug|Any CPU
		{FB46AB3B-F595-41B8-A3B9-D81E1A1D8CDF}.Debug|Any CPU.Build.0 = Debug|Any CPU
		{FB46AB3B-F595-41B8-A3B9-D81E1A1D8CDF}.Release|Any CPU.ActiveCfg = Release|Any CPU
		{FB46AB3B-F595-41B8-A3B9-D81E1A1D8CDF}.Release|Any CPU.Build.0 = Release|Any CPU
		{091A9A2C-1CD0-4238-B09A-01916E75D35C}.Debug|Any CPU.ActiveCfg = Debug|Any CPU
		{091A9A2C-1CD0-4238-B09A-01916E75D35C}.Debug|Any CPU.Build.0 = Debug|Any CPU
		{091A9A2C-1CD0-4238-B09A-01916E75D35C}.Release|Any CPU.ActiveCfg = Release|Any CPU
		{091A9A2C-1CD0-4238-B09A-01916E75D35C}.Release|Any CPU.Build.0 = Release|Any CPU
		{8D0E6CA0-3A0D-427A-AA44-FBABC79033A9}.Debug|Any CPU.ActiveCfg = Debug|Any CPU
		{8D0E6CA0-3A0D-427A-AA44-FBABC79033A9}.Debug|Any CPU.Build.0 = Debug|Any CPU
		{8D0E6CA0-3A0D-427A-AA44-FBABC79033A9}.Release|Any CPU.ActiveCfg = Release|Any CPU
		{8D0E6CA0-3A0D-427A-AA44-FBABC79033A9}.Release|Any CPU.Build.0 = Release|Any CPU
		{B0E6AFF9-4CA4-401F-BE59-E40750D8948F}.Debug|Any CPU.ActiveCfg = Debug|Any CPU
		{B0E6AFF9-4CA4-401F-BE59-E40750D8948F}.Debug|Any CPU.Build.0 = Debug|Any CPU
		{B0E6AFF9-4CA4-401F-BE59-E40750D8948F}.Release|Any CPU.ActiveCfg = Release|Any CPU
		{B0E6AFF9-4CA4-401F-BE59-E40750D8948F}.Release|Any CPU.Build.0 = Release|Any CPU
		{C4E1B278-D297-4F28-9B5C-8C101D2A97BA}.Debug|Any CPU.ActiveCfg = Debug|Any CPU
		{C4E1B278-D297-4F28-9B5C-8C101D2A97BA}.Debug|Any CPU.Build.0 = Debug|Any CPU
		{C4E1B278-D297-4F28-9B5C-8C101D2A97BA}.Release|Any CPU.ActiveCfg = Release|Any CPU
		{C4E1B278-D297-4F28-9B5C-8C101D2A97BA}.Release|Any CPU.Build.0 = Release|Any CPU
		{AD715073-C351-4C09-89D5-E9C59A786FCC}.Debug|Any CPU.ActiveCfg = Debug|Any CPU
		{AD715073-C351-4C09-89D5-E9C59A786FCC}.Debug|Any CPU.Build.0 = Debug|Any CPU
		{AD715073-C351-4C09-89D5-E9C59A786FCC}.Release|Any CPU.ActiveCfg = Release|Any CPU
		{AD715073-C351-4C09-89D5-E9C59A786FCC}.Release|Any CPU.Build.0 = Release|Any CPU
		{80BDA895-97AF-40C2-83C6-89386F4D07AB}.Debug|Any CPU.ActiveCfg = Debug|Any CPU
		{80BDA895-97AF-40C2-83C6-89386F4D07AB}.Debug|Any CPU.Build.0 = Debug|Any CPU
		{80BDA895-97AF-40C2-83C6-89386F4D07AB}.Release|Any CPU.ActiveCfg = Release|Any CPU
		{80BDA895-97AF-40C2-83C6-89386F4D07AB}.Release|Any CPU.Build.0 = Release|Any CPU
		{44A5867C-C098-433E-A2D6-E7914CF6DD1F}.Debug|Any CPU.ActiveCfg = Debug|Any CPU
		{44A5867C-C098-433E-A2D6-E7914CF6DD1F}.Debug|Any CPU.Build.0 = Debug|Any CPU
		{44A5867C-C098-433E-A2D6-E7914CF6DD1F}.Release|Any CPU.ActiveCfg = Release|Any CPU
		{44A5867C-C098-433E-A2D6-E7914CF6DD1F}.Release|Any CPU.Build.0 = Release|Any CPU
		{E1836ED6-7D8E-4C69-A1E9-9E61215D6056}.Debug|Any CPU.ActiveCfg = Debug|Any CPU
		{E1836ED6-7D8E-4C69-A1E9-9E61215D6056}.Debug|Any CPU.Build.0 = Debug|Any CPU
		{E1836ED6-7D8E-4C69-A1E9-9E61215D6056}.Release|Any CPU.ActiveCfg = Release|Any CPU
		{E1836ED6-7D8E-4C69-A1E9-9E61215D6056}.Release|Any CPU.Build.0 = Release|Any CPU
		{B3752E3B-8CDD-4B34-B5D0-2AEADC9FD59E}.Debug|Any CPU.ActiveCfg = Debug|Any CPU
		{B3752E3B-8CDD-4B34-B5D0-2AEADC9FD59E}.Debug|Any CPU.Build.0 = Debug|Any CPU
		{B3752E3B-8CDD-4B34-B5D0-2AEADC9FD59E}.Release|Any CPU.ActiveCfg = Release|Any CPU
		{B3752E3B-8CDD-4B34-B5D0-2AEADC9FD59E}.Release|Any CPU.Build.0 = Release|Any CPU
	EndGlobalSection
	GlobalSection(SolutionProperties) = preSolution
		HideSolutionNode = FALSE
	EndGlobalSection
	GlobalSection(NestedProjects) = preSolution
		{11A427EC-5CF1-4A1C-B939-82BDF7CF3EFA} = {68A89969-1505-4778-BA00-537FADC229DC}
		{C749D6F4-601C-4FF1-921A-80C5A2E65DE7} = {68A89969-1505-4778-BA00-537FADC229DC}
		{55AB5B7D-A8DF-4CC5-B4A5-5E630948A8F2} = {68A89969-1505-4778-BA00-537FADC229DC}
		{47DE365E-A06B-467B-BF19-B632EE9645E6} = {68A89969-1505-4778-BA00-537FADC229DC}
		{586461E0-F231-452D-BD6A-4C119CFFB336} = {68A89969-1505-4778-BA00-537FADC229DC}
		{A6C4793A-EF35-4013-8C4F-519BFDA3A50C} = {70E0E7B5-0A48-41C9-A198-09D861E84392}
		{0138C409-E782-427D-8A2B-7E8ED9E6FF73} = {70E0E7B5-0A48-41C9-A198-09D861E84392}
		{CFF1BF99-55BC-4CAE-9803-E6D6C9DBC7D5} = {70E0E7B5-0A48-41C9-A198-09D861E84392}
		{C5F497F4-299E-4FB6-B8DA-233767E1FA88} = {70E0E7B5-0A48-41C9-A198-09D861E84392}
		{FB46AB3B-F595-41B8-A3B9-D81E1A1D8CDF} = {70E0E7B5-0A48-41C9-A198-09D861E84392}
		{091A9A2C-1CD0-4238-B09A-01916E75D35C} = {1F2C7D07-C55E-4AB6-82AF-1477497E61A5}
		{8D0E6CA0-3A0D-427A-AA44-FBABC79033A9} = {1F2C7D07-C55E-4AB6-82AF-1477497E61A5}
		{B0E6AFF9-4CA4-401F-BE59-E40750D8948F} = {1F2C7D07-C55E-4AB6-82AF-1477497E61A5}
		{C4E1B278-D297-4F28-9B5C-8C101D2A97BA} = {1F2C7D07-C55E-4AB6-82AF-1477497E61A5}
		{AD715073-C351-4C09-89D5-E9C59A786FCC} = {37296036-6137-4A13-9E04-792747D5575B}
		{80BDA895-97AF-40C2-83C6-89386F4D07AB} = {37296036-6137-4A13-9E04-792747D5575B}
		{44A5867C-C098-433E-A2D6-E7914CF6DD1F} = {37296036-6137-4A13-9E04-792747D5575B}
		{E1836ED6-7D8E-4C69-A1E9-9E61215D6056} = {37296036-6137-4A13-9E04-792747D5575B}
		{B3752E3B-8CDD-4B34-B5D0-2AEADC9FD59E} = {3C7C67F0-A7F5-478B-A7F3-FDE7E708F308}
	EndGlobalSection
	GlobalSection(ExtensibilityGlobals) = postSolution
		SolutionGuid = {2E771B53-DF8B-42BD-84F6-961C71765C9B}
	EndGlobalSection
EndGlobal
